<?xml version="1.0" encoding="utf-8"?>
<Project ToolsVersion="4.0" xmlns="http://schemas.microsoft.com/developer/msbuild/2003">
  <ItemGroup>
    <Filter Include="Quelldateien">
      <UniqueIdentifier>{4FC737F1-C7A5-4376-A066-2A32D752A2FF}</UniqueIdentifier>
      <Extensions>cpp;c;cc;cxx;c++;cppm;ixx;def;odl;idl;hpj;bat;asm;asmx</Extensions>
    </Filter>
    <Filter Include="Headerdateien">
      <UniqueIdentifier>{93995380-89BD-4b04-88EB-625FBE52EBFB}</UniqueIdentifier>
      <Extensions>h;hh;hpp;hxx;h++;hm;inl;inc;ipp;xsd</Extensions>
    </Filter>
    <Filter Include="Ressourcendateien">
      <UniqueIdentifier>{67DA6AB6-F800-4c08-8B7A-83BB121AAD01}</UniqueIdentifier>
      <Extensions>rc;ico;cur;bmp;dlg;rc2;rct;bin;rgs;gif;jpg;jpeg;jpe;resx;tiff;tif;png;wav;mfcribbon-ms</Extensions>
    </Filter>
  </ItemGroup>
  <ItemGroup>
    <ClCompile Include="src\window\Window.cpp">
      <Filter>Quelldateien</Filter>
    </ClCompile>
    <ClCompile Include="src\ecs\Entity.cpp">
      <Filter>Quelldateien</Filter>
    </ClCompile>
    <ClCompile Include="src\game\Game.cpp">
      <Filter>Quelldateien</Filter>
    </ClCompile>
    <ClCompile Include="src\glad\glad.c">
      <Filter>Quelldateien</Filter>
    </ClCompile>
    <ClCompile Include="src\input\Input.cpp">
      <Filter>Quelldateien</Filter>
    </ClCompile>
    <ClCompile Include="src\input\Controls.cpp">
      <Filter>Quelldateien</Filter>
    </ClCompile>
    <ClCompile Include="src\main\Main.cpp">
      <Filter>Quelldateien</Filter>
    </ClCompile>
    <ClCompile Include="src\render\Renderer.cpp">
      <Filter>Quelldateien</Filter>
    </ClCompile>
    <ClCompile Include="src\render\Shader.cpp">
      <Filter>Quelldateien</Filter>
    </ClCompile>
    <ClCompile Include="src\render\Texture.cpp">
      <Filter>Quelldateien</Filter>
    </ClCompile>
    <ClCompile Include="src\resource\ResourceManager.cpp">
      <Filter>Quelldateien</Filter>
    </ClCompile>
    <ClCompile Include="src\scene\Scene.cpp">
      <Filter>Quelldateien</Filter>
    </ClCompile>
    <ClCompile Include="src\gameCode\probe\ProbeScene.cpp">
      <Filter>Quelldateien</Filter>
    </ClCompile>
    <ClCompile Include="src\render\CubeRenderer.cpp">
      <Filter>Quelldateien</Filter>
    </ClCompile>
    <ClCompile Include="src\camera\CameraSystem.cpp">
      <Filter>Quelldateien</Filter>
    </ClCompile>
    <ClCompile Include="src\utils\Transform.cpp">
      <Filter>Quelldateien</Filter>
    </ClCompile>
    <ClCompile Include="src\block\BlockRenderer.cpp">
      <Filter>Quelldateien</Filter>
    </ClCompile>
    <ClCompile Include="src\world\Chunk.cpp">
      <Filter>Quelldateien</Filter>
    </ClCompile>
    <ClCompile Include="src\world\World.cpp">
      <Filter>Quelldateien</Filter>
    </ClCompile>
    <ClCompile Include="src\block\BlockFactory.cpp">
      <Filter>Quelldateien</Filter>
    </ClCompile>
    <ClCompile Include="src\player\BlockPickSystem.cpp">
      <Filter>Quelldateien</Filter>
    </ClCompile>
    <ClCompile Include="src\globals\Globals.cpp">
      <Filter>Quelldateien</Filter>
    </ClCompile>
    <ClCompile Include="src\perlin\PerlinNoise.cpp">
      <Filter>Quelldateien</Filter>
    </ClCompile>
    <ClCompile Include="src\world\WorldGenerator.cpp">
      <Filter>Quelldateien</Filter>
    </ClCompile>
  </ItemGroup>
  <ItemGroup>
    <ClInclude Include="src\window\Window.h">
      <Filter>Headerdateien</Filter>
    </ClInclude>
    <ClInclude Include="src\animation\Animation.h">
      <Filter>Headerdateien</Filter>
    </ClInclude>
    <ClInclude Include="src\animation\AnimationFrame.h">
      <Filter>Headerdateien</Filter>
    </ClInclude>
    <ClInclude Include="src\debug\Log.h">
      <Filter>Headerdateien</Filter>
    </ClInclude>
    <ClInclude Include="src\ecs\Component.h">
      <Filter>Headerdateien</Filter>
    </ClInclude>
    <ClInclude Include="src\ecs\System.h">
      <Filter>Headerdateien</Filter>
    </ClInclude>
    <ClInclude Include="src\ecs\IUpdateable.h">
      <Filter>Headerdateien</Filter>
    </ClInclude>
    <ClInclude Include="src\ecs\EntityItr.h">
      <Filter>Headerdateien</Filter>
    </ClInclude>
    <ClInclude Include="src\ecs\Entity.h">
      <Filter>Headerdateien</Filter>
    </ClInclude>
    <ClInclude Include="src\event\Event.h">
      <Filter>Headerdateien</Filter>
    </ClInclude>
    <ClInclude Include="src\event\MemberFunctionHandler.h">
      <Filter>Headerdateien</Filter>
    </ClInclude>
    <ClInclude Include="src\event\EventBus.h">
      <Filter>Headerdateien</Filter>
    </ClInclude>
    <ClInclude Include="src\event\HandlerFunctionBase.h">
      <Filter>Headerdateien</Filter>
    </ClInclude>
    <ClInclude Include="src\game\Game.h">
      <Filter>Headerdateien</Filter>
    </ClInclude>
    <ClInclude Include="src\input\Control.h">
      <Filter>Headerdateien</Filter>
    </ClInclude>
    <ClInclude Include="src\input\Input.h">
      <Filter>Headerdateien</Filter>
    </ClInclude>
    <ClInclude Include="src\input\Controls.h">
      <Filter>Headerdateien</Filter>
    </ClInclude>
    <ClInclude Include="src\render\Renderer.h">
      <Filter>Headerdateien</Filter>
    </ClInclude>
    <ClInclude Include="src\render\Shader.h">
      <Filter>Headerdateien</Filter>
    </ClInclude>
    <ClInclude Include="src\render\Texture.h">
      <Filter>Headerdateien</Filter>
    </ClInclude>
    <ClInclude Include="src\resource\ResourceManager.h">
      <Filter>Headerdateien</Filter>
    </ClInclude>
    <ClInclude Include="src\scene\Scene.h">
      <Filter>Headerdateien</Filter>
    </ClInclude>
    <ClInclude Include="src\time\Time.h">
      <Filter>Headerdateien</Filter>
    </ClInclude>
    <ClInclude Include="src\gameCode\probe\ProbeScene.h">
      <Filter>Headerdateien</Filter>
    </ClInclude>
    <ClInclude Include="src\render\CubeRenderer.h">
      <Filter>Headerdateien</Filter>
    </ClInclude>
    <ClInclude Include="src\render\CubeRenderComponent.h">
      <Filter>Headerdateien</Filter>
    </ClInclude>
    <ClInclude Include="src\utils\Transform.h">
      <Filter>Headerdateien</Filter>
    </ClInclude>
    <ClInclude Include="src\camera\CameraMove.h">
      <Filter>Headerdateien</Filter>
    </ClInclude>
    <ClInclude Include="src\camera\CameraSystem.h">
      <Filter>Headerdateien</Filter>
    </ClInclude>
    <ClInclude Include="src\world\Chunk.h">
      <Filter>Headerdateien</Filter>
    </ClInclude>
    <ClInclude Include="src\block\Block.h">
      <Filter>Headerdateien</Filter>
    </ClInclude>
    <ClInclude Include="src\block\BlockRenderer.h">
      <Filter>Headerdateien</Filter>
    </ClInclude>
    <ClInclude Include="src\block\Material.h">
      <Filter>Headerdateien</Filter>
    </ClInclude>
    <ClInclude Include="src\world\World.h">
      <Filter>Headerdateien</Filter>
    </ClInclude>
    <ClInclude Include="src\block\BlockFactory.h">
      <Filter>Headerdateien</Filter>
    </ClInclude>
    <ClInclude Include="src\player\BlockPicker.h">
      <Filter>Headerdateien</Filter>
    </ClInclude>
    <ClInclude Include="src\player\BlockPickSystem.h">
      <Filter>Headerdateien</Filter>
    </ClInclude>
    <ClInclude Include="src\globals\Globals.h">
      <Filter>Headerdateien</Filter>
    </ClInclude>
    <ClInclude Include="src\perlin\PerlinNoise.h">
      <Filter>Headerdateien</Filter>
    </ClInclude>
    <ClInclude Include="src\world\WorldGenerator.h">
      <Filter>Headerdateien</Filter>
    </ClInclude>
    <ClInclude Include="src\input\MouseEvent.h">
      <Filter>Headerdateien</Filter>
    </ClInclude>
  </ItemGroup>
  <ItemGroup>
    <None Include="assets\shaders\cubeShader.vert" />
    <None Include="assets\shaders\cubeShader.frag" />
    <None Include="assets\shaders\blockInstanceShader.vert" />
    <None Include="assets\shaders\blockInstanceShader.frag" />
    <None Include="assets\shaders\blockShader.vert" />
    <None Include="assets\shaders\blockShader.frag" />
    <None Include="assets\shaders\slcShader.vert" />
    <None Include="assets\shaders\slcShader.frag" />
    <None Include="assets\shaders\debugCubeShader.vert" />
  </ItemGroup>
</Project>